
Microsoft Visual Studio Solution File, Format Version 12.00
# Visual Studio Version 16
VisualStudioVersion = 16.0.29609.76
MinimumVisualStudioVersion = 10.0.40219.1
Project("{FAE04EC0-301F-11D3-BF4B-00C04F79EFBC}") = "PromotionEngine", "PromotionEngine\PromotionEngine.csproj", "{EF4B08C8-7C62-4C07-B849-DEA7D3D0BF36}"
EndProject
Global
	GlobalSection(SolutionConfigurationPlatforms) = preSolution
		Debug|Any CPU = Debug|Any CPU
		Release|Any CPU = Release|Any CPU
	EndGlobalSection
	GlobalSection(ProjectConfigurationPlatforms) = postSolution
		{EF4B08C8-7C62-4C07-B849-DEA7D3D0BF36}.Debug|Any CPU.ActiveCfg = Debug|Any CPU
		{EF4B08C8-7C62-4C07-B849-DEA7D3D0BF36}.Debug|Any CPU.Build.0 = Debug|Any CPU
		{EF4B08C8-7C62-4C07-B849-DEA7D3D0BF36}.Release|Any CPU.ActiveCfg = Release|Any CPU
		{EF4B08C8-7C62-4C07-B849-DEA7D3D0BF36}.Release|Any CPU.Build.0 = Release|Any CPU
	EndGlobalSection
	GlobalSection(SolutionProperties) = preSolution
		HideSolutionNode = FALSE
	EndGlobalSection
	GlobalSection(ExtensibilityGlobals) = postSolution
		SolutionGuid = {0B6C6726-580E-4289-A8AF-C13516A2C45E}
	EndGlobalSection
EndGlobal
